
Microsoft Visual Studio Solution File, Format Version 12.00
Project("{FAE04EC0-301F-11D3-BF4B-00C04F79EFBC}") = "Karshare.API", "Karshare.API.csproj", "{DC100FB5-0BCE-4D03-A2B5-7A742178E042}"
EndProject
Global
	GlobalSection(SolutionConfigurationPlatforms) = preSolution
		Debug|Any CPU = Debug|Any CPU
		Release|Any CPU = Release|Any CPU
	EndGlobalSection
	GlobalSection(ProjectConfigurationPlatforms) = postSolution
		{DC100FB5-0BCE-4D03-A2B5-7A742178E042}.Debug|Any CPU.ActiveCfg = Debug|Any CPU
		{DC100FB5-0BCE-4D03-A2B5-7A742178E042}.Debug|Any CPU.Build.0 = Debug|Any CPU
		{DC100FB5-0BCE-4D03-A2B5-7A742178E042}.Release|Any CPU.ActiveCfg = Release|Any CPU
		{DC100FB5-0BCE-4D03-A2B5-7A742178E042}.Release|Any CPU.Build.0 = Release|Any CPU
	EndGlobalSection
EndGlobal
